
Microsoft Visual Studio Solution File, Format Version 12.00
# Visual Studio Version 17
VisualStudioVersion = 17.0.32014.148
MinimumVisualStudioVersion = 10.0.40219.1
Project("{9A19103F-16F7-4668-BE54-9A1E7A4F7556}") = "BlazorCRUD", "BlazorCRUD\BlazorCRUD.csproj", "{98E934BE-C176-4205-96C0-6BB8AB750552}"
EndProject
Project("{2150E333-8FDC-42A3-9474-1A3956D46DE8}") = "Solution Items", "Solution Items", "{5FD79C0F-2F9F-4EAA-B1B5-C2387D51E82D}"
	ProjectSection(SolutionItems) = preProject
		.editorconfig = .editorconfig
	EndProjectSection
EndProject
Global
	GlobalSection(SolutionConfigurationPlatforms) = preSolution
		Debug|Any CPU = Debug|Any CPU
		Release|Any CPU = Release|Any CPU
	EndGlobalSection
	GlobalSection(ProjectConfigurationPlatforms) = postSolution
		{98E934BE-C176-4205-96C0-6BB8AB750552}.Debug|Any CPU.ActiveCfg = Debug|Any CPU
		{98E934BE-C176-4205-96C0-6BB8AB750552}.Debug|Any CPU.Build.0 = Debug|Any CPU
		{98E934BE-C176-4205-96C0-6BB8AB750552}.Release|Any CPU.ActiveCfg = Release|Any CPU
		{98E934BE-C176-4205-96C0-6BB8AB750552}.Release|Any CPU.Build.0 = Release|Any CPU
	EndGlobalSection
	GlobalSection(SolutionProperties) = preSolution
		HideSolutionNode = FALSE
	EndGlobalSection
	GlobalSection(ExtensibilityGlobals) = postSolution
		SolutionGuid = {1FDBDEBA-C7D7-40A5-92F1-B8E29580E75C}
	EndGlobalSection
EndGlobal
